# THIS IS AN AUTOGENERATED FILE. DO NOT EDIT THIS FILE DIRECTLY.
# yarn lockfile v1


"ds-test@https://github.com/dapphub/ds-test.git":
  version "1.0.0"
  resolved "https://github.com/dapphub/ds-test.git#e282159d5170298eb2455a6c05280ab5a73a4ef0"

"forge-std@https://github.com/foundry-rs/forge-std":
  version "1.7.4"
  resolved "https://github.com/foundry-rs/forge-std#155d547c449afa8715f538d69454b83944117811"

husky@7.0.4:
  version "7.0.4"
  resolved "https://registry.yarnpkg.com/husky/-/husky-7.0.4.tgz#242048245dc49c8fb1bf0cc7cfb98dd722531535"
  integrity sha512-vbaCKN2QLtP/vD4yvs6iz6hBEo6wkSzs8HpRah1Z6aGmF2KW5PdYuAd7uX5a+OyBZHBhd+TFLqgjUgytQr4RvQ==

solady@^0.0.152:
  version "0.0.152"
  resolved "https://registry.yarnpkg.com/solady/-/solady-0.0.152.tgz#ce9bfb9268136b4181933dcb5f40c945df3e4721"
  integrity sha512-E9Smi940EFr4CEz9XzkO7JVnEHBVH4Gqc47r2c44L0ReN2NVYaukPL1xPvuDxxXnWS6JoAeD4jx9YGhNHJ91Lw==
